// !$*UTF8*$!
{
	archiveVersion = 1;
	classes = {
	};
	objectVersion = 46;
	objects = {

/* Begin PBXBuildFile section */
		D6C26F0C1A3C7ABF000B94AF /* main.m in Sources */ = {isa = PBXBuildFile; fileRef = D6C26F0B1A3C7ABF000B94AF /* main.m */; };
		D6C26F0F1A3C7ABF000B94AF /* AppDelegate.m in Sources */ = {isa = PBXBuildFile; fileRef = D6C26F0E1A3C7ABF000B94AF /* AppDelegate.m */; };
		D6C26F121A3C7ABF000B94AF /* ViewController.m in Sources */ = {isa = PBXBuildFile; fileRef = D6C26F111A3C7ABF000B94AF /* ViewController.m */; };
		D6C26F151A3C7ABF000B94AF /* Main.storyboard in Resources */ = {isa = PBXBuildFile; fileRef = D6C26F131A3C7ABF000B94AF /* Main.storyboard */; };
		D6C26F171A3C7ABF000B94AF /* Images.xcassets in Resources */ = {isa = PBXBuildFile; fileRef = D6C26F161A3C7ABF000B94AF /* Images.xcassets */; };
		D6C26F1A1A3C7ABF000B94AF /* LaunchScreen.xib in Resources */ = {isa = PBXBuildFile; fileRef = D6C26F181A3C7ABF000B94AF /* LaunchScreen.xib */; };
		D6C26F261A3C7AC0000B94AF /* Vostan_Natoive_iOSTests.m in Sources */ = {isa = PBXBuildFile; fileRef = D6C26F251A3C7AC0000B94AF /* Vostan_Natoive_iOSTests.m */; };
/* End PBXBuildFile section */

/* Begin PBXContainerItemProxy section */
		D6C26F201A3C7AC0000B94AF /* PBXContainerItemProxy */ = {
			isa = PBXContainerItemProxy;
			containerPortal = D6C26EFE1A3C7ABF000B94AF /* Project object */;
			proxyType = 1;
			remoteGlobalIDString = D6C26F051A3C7ABF000B94AF;
			remoteInfo = Vostan_Natoive_iOS;
		};
/* End PBXContainerItemProxy section */

/* Begin PBXFileReference section */
		D6C26F061A3C7ABF000B94AF /* Vostan_Natoive_iOS.app */ = {isa = PBXFileReference; explicitFileType = wrapper.application; includeInIndex = 0; path = Vostan_Natoive_iOS.app; sourceTree = BUILT_PRODUCTS_DIR; };
		D6C26F0A1A3C7ABF000B94AF /* Info.plist */ = {isa = PBXFileReference; lastKnownFileType = text.plist.xml; path = Info.plist; sourceTree = "<group>"; };
		D6C26F0B1A3C7ABF000B94AF /* main.m */ = {isa = PBXFileReference; lastKnownFileType = sourcecode.c.objc; path = main.m; sourceTree = "<group>"; };
		D6C26F0D1A3C7ABF000B94AF /* AppDelegate.h */ = {isa = PBXFileReference; lastKnownFileType = sourcecode.c.h; path = AppDelegate.h; sourceTree = "<group>"; };
		D6C26F0E1A3C7ABF000B94AF /* AppDelegate.m */ = {isa = PBXFileReference; lastKnownFileType = sourcecode.c.objc; path = AppDelegate.m; sourceTree = "<group>"; };
		D6C26F101A3C7ABF000B94AF /* ViewController.h */ = {isa = PBXFileReference; lastKnownFileType = sourcecode.c.h; path = ViewController.h; sourceTree = "<group>"; };
		D6C26F111A3C7ABF000B94AF /* ViewController.m */ = {isa = PBXFileReference; lastKnownFileType = sourcecode.c.objc; path = ViewController.m; sourceTree = "<group>"; };
		D6C26F141A3C7ABF000B94AF /* Base */ = {isa = PBXFileReference; lastKnownFileType = file.storyboard; name = Base; path = Base.lproj/Main.storyboard; sourceTree = "<group>"; };
		D6C26F161A3C7ABF000B94AF /* Images.xcassets */ = {isa = PBXFileReference; lastKnownFileType = folder.assetcatalog; path = Images.xcassets; sourceTree = "<group>"; };
		D6C26F191A3C7ABF000B94AF /* Base */ = {isa = PBXFileReference; lastKnownFileType = file.xib; name = Base; path = Base.lproj/LaunchScreen.xib; sourceTree = "<group>"; };
		D6C26F1F1A3C7AC0000B94AF /* Vostan_Natoive_iOSTests.xctest */ = {isa = PBXFileReference; explicitFileType = wrapper.cfbundle; includeInIndex = 0; path = Vostan_Natoive_iOSTests.xctest; sourceTree = BUILT_PRODUCTS_DIR; };
		D6C26F241A3C7AC0000B94AF /* Info.plist */ = {isa = PBXFileReference; lastKnownFileType = text.plist.xml; path = Info.plist; sourceTree = "<group>"; };
		D6C26F251A3C7AC0000B94AF /* Vostan_Natoive_iOSTests.m */ = {isa = PBXFileReference; lastKnownFileType = sourcecode.c.objc; path = Vostan_Natoive_iOSTests.m; sourceTree = "<group>"; };
/* End PBXFileReference section */

/* Begin PBXFrameworksBuildPhase section */
		D6C26F031A3C7ABF000B94AF /* Frameworks */ = {
			isa = PBXFrameworksBuildPhase;
			buildActionMask = 2147483647;
			files = (
			);
			runOnlyForDeploymentPostprocessing = 0;
		};
		D6C26F1C1A3C7AC0000B94AF /* Frameworks */ = {
			isa = PBXFrameworksBuildPhase;
			buildActionMask = 2147483647;
			files = (
			);
			runOnlyForDeploymentPostprocessing = 0;
		};
/* End PBXFrameworksBuildPhase section */

/* Begin PBXGroup section */
		D6C26EFD1A3C7ABF000B94AF = {
			isa = PBXGroup;
			children = (
				D6C26F081A3C7ABF000B94AF /* Vostan_Natoive_iOS */,
				D6C26F221A3C7AC0000B94AF /* Vostan_Natoive_iOSTests */,
				D6C26F071A3C7ABF000B94AF /* Products */,
			);
			sourceTree = "<group>";
		};
		D6C26F071A3C7ABF000B94AF /* Products */ = {
			isa = PBXGroup;
			children = (
				D6C26F061A3C7ABF000B94AF /* Vostan_Natoive_iOS.app */,
				D6C26F1F1A3C7AC0000B94AF /* Vostan_Natoive_iOSTests.xctest */,
			);
			name = Products;
			sourceTree = "<group>";
		};
		D6C26F081A3C7ABF000B94AF /* Vostan_Natoive_iOS */ = {
			isa = PBXGroup;
			children = (
				D6C26F0D1A3C7ABF000B94AF /* AppDelegate.h */,
				D6C26F0E1A3C7ABF000B94AF /* AppDelegate.m */,
				D6C26F101A3C7ABF000B94AF /* ViewController.h */,
				D6C26F111A3C7ABF000B94AF /* ViewController.m */,
				D6C26F131A3C7ABF000B94AF /* Main.storyboard */,
				D6C26F161A3C7ABF000B94AF /* Images.xcassets */,
				D6C26F181A3C7ABF000B94AF /* LaunchScreen.xib */,
				D6C26F091A3C7ABF000B94AF /* Supporting Files */,
			);
			path = Vostan_Natoive_iOS;
			sourceTree = "<group>";
		};
		D6C26F091A3C7ABF000B94AF /* Supporting Files */ = {
			isa = PBXGroup;
			children = (
				D6C26F0A1A3C7ABF000B94AF /* Info.plist */,
				D6C26F0B1A3C7ABF000B94AF /* main.m */,
			);
			name = "Supporting Files";
			sourceTree = "<group>";
		};
		D6C26F221A3C7AC0000B94AF /* Vostan_Natoive_iOSTests */ = {
			isa = PBXGroup;
			children = (
				D6C26F251A3C7AC0000B94AF /* Vostan_Natoive_iOSTests.m */,
				D6C26F231A3C7AC0000B94AF /* Supporting Files */,
			);
			path = Vostan_Natoive_iOSTests;
			sourceTree = "<group>";
		};
		D6C26F231A3C7AC0000B94AF /* Supporting Files */ = {
			isa = PBXGroup;
			children = (
				D6C26F241A3C7AC0000B94AF /* Info.plist */,
			);
			name = "Supporting Files";
			sourceTree = "<group>";
		};
/* End PBXGroup section */

/* Begin PBXNativeTarget section */
		D6C26F051A3C7ABF000B94AF /* Vostan_Natoive_iOS */ = {
			isa = PBXNativeTarget;
			buildConfigurationList = D6C26F291A3C7AC0000B94AF /* Build configuration list for PBXNativeTarget "Vostan_Natoive_iOS" */;
			buildPhases = (
				D6C26F021A3C7ABF000B94AF /* Sources */,
				D6C26F031A3C7ABF000B94AF /* Frameworks */,
				D6C26F041A3C7ABF000B94AF /* Resources */,
			);
			buildRules = (
			);
			dependencies = (
			);
			name = Vostan_Natoive_iOS;
			productName = Vostan_Natoive_iOS;
			productReference = D6C26F061A3C7ABF000B94AF /* Vostan_Natoive_iOS.app */;
			productType = "com.apple.product-type.application";
		};
		D6C26F1E1A3C7AC0000B94AF /* Vostan_Natoive_iOSTests */ = {
			isa = PBXNativeTarget;
			buildConfigurationList = D6C26F2C1A3C7AC0000B94AF /* Build configuration list for PBXNativeTarget "Vostan_Natoive_iOSTests" */;
			buildPhases = (
				D6C26F1B1A3C7AC0000B94AF /* Sources */,
				D6C26F1C1A3C7AC0000B94AF /* Frameworks */,
				D6C26F1D1A3C7AC0000B94AF /* Resources */,
			);
			buildRules = (
			);
			dependencies = (
				D6C26F211A3C7AC0000B94AF /* PBXTargetDependency */,
			);
			name = Vostan_Natoive_iOSTests;
			productName = Vostan_Natoive_iOSTests;
			productReference = D6C26F1F1A3C7AC0000B94AF /* Vostan_Natoive_iOSTests.xctest */;
			productType = "com.apple.product-type.bundle.unit-test";
		};
/* End PBXNativeTarget section */

/* Begin PBXProject section */
		D6C26EFE1A3C7ABF000B94AF /* Project object */ = {
			isa = PBXProject;
			attributes = {
				LastUpgradeCheck = 0610;
				ORGANIZATIONNAME = AUA;
				TargetAttributes = {
					D6C26F051A3C7ABF000B94AF = {
						CreatedOnToolsVersion = 6.1;
					};
					D6C26F1E1A3C7AC0000B94AF = {
						CreatedOnToolsVersion = 6.1;
						TestTargetID = D6C26F051A3C7ABF000B94AF;
					};
				};
			};
			buildConfigurationList = D6C26F011A3C7ABF000B94AF /* Build configuration list for PBXProject "Vostan_Natoive_iOS" */;
			compatibilityVersion = "Xcode 3.2";
			developmentRegion = English;
			hasScannedForEncodings = 0;
			knownRegions = (
				en,
				Base,
			);
			mainGroup = D6C26EFD1A3C7ABF000B94AF;
			productRefGroup = D6C26F071A3C7ABF000B94AF /* Products */;
			projectDirPath = "";
			projectRoot = "";
			targets = (
				D6C26F051A3C7ABF000B94AF /* Vostan_Natoive_iOS */,
				D6C26F1E1A3C7AC0000B94AF /* Vostan_Natoive_iOSTests */,
			);
		};
/* End PBXProject section */

/* Begin PBXResourcesBuildPhase section */
		D6C26F041A3C7ABF000B94AF /* Resources */ = {
			isa = PBXResourcesBuildPhase;
			buildActionMask = 2147483647;
			files = (
				D6C26F151A3C7ABF000B94AF /* Main.storyboard in Resources */,
				D6C26F1A1A3C7ABF000B94AF /* LaunchScreen.xib in Resources */,
				D6C26F171A3C7ABF000B94AF /* Images.xcassets in Resources */,
			);
			runOnlyForDeploymentPostprocessing = 0;
		};
		D6C26F1D1A3C7AC0000B94AF /* Resources */ = {
			isa = PBXResourcesBuildPhase;
			buildActionMask = 2147483647;
			files = (
			);
			runOnlyForDeploymentPostprocessing = 0;
		};
/* End PBXResourcesBuildPhase section */

/* Begin PBXSourcesBuildPhase section */
		D6C26F021A3C7ABF000B94AF /* Sources */ = {
			isa = PBXSourcesBuildPhase;
			buildActionMask = 2147483647;
			files = (
				D6C26F121A3C7ABF000B94AF /* ViewController.m in Sources */,
				D6C26F0F1A3C7ABF000B94AF /* AppDelegate.m in Sources */,
				D6C26F0C1A3C7ABF000B94AF /* main.m in Sources */,
			);
			runOnlyForDeploymentPostprocessing = 0;
		};
		D6C26F1B1A3C7AC0000B94AF /* Sources */ = {
			isa = PBXSourcesBuildPhase;
			buildActionMask = 2147483647;
			files = (
				D6C26F261A3C7AC0000B94AF /* Vostan_Natoive_iOSTests.m in Sources */,
			);
			runOnlyForDeploymentPostprocessing = 0;
		};
/* End PBXSourcesBuildPhase section */

/* Begin PBXTargetDependency section */
		D6C26F211A3C7AC0000B94AF /* PBXTargetDependency */ = {
			isa = PBXTargetDependency;
			target = D6C26F051A3C7ABF000B94AF /* Vostan_Natoive_iOS */;
			targetProxy = D6C26F201A3C7AC0000B94AF /* PBXContainerItemProxy */;
		};
/* End PBXTargetDependency section */

/* Begin PBXVariantGroup section */
		D6C26F131A3C7ABF000B94AF /* Main.storyboard */ = {
			isa = PBXVariantGroup;
			children = (
				D6C26F141A3C7ABF000B94AF /* Base */,
			);
			name = Main.storyboard;
			sourceTree = "<group>";
		};
		D6C26F181A3C7ABF000B94AF /* LaunchScreen.xib */ = {
			isa = PBXVariantGroup;
			children = (
				D6C26F191A3C7ABF000B94AF /* Base */,
			);
			name = LaunchScreen.xib;
			sourceTree = "<group>";
		};
/* End PBXVariantGroup section */

/* Begin XCBuildConfiguration section */
		D6C26F271A3C7AC0000B94AF /* Debug */ = {
			isa = XCBuildConfiguration;
			buildSettings = {
				ALWAYS_SEARCH_USER_PATHS = NO;
				CLANG_CXX_LANGUAGE_STANDARD = "gnu++0x";
				CLANG_CXX_LIBRARY = "libc++";
				CLANG_ENABLE_MODULES = YES;
				CLANG_ENABLE_OBJC_ARC = YES;
				CLANG_WARN_BOOL_CONVERSION = YES;
				CLANG_WARN_CONSTANT_CONVERSION = YES;
				CLANG_WARN_DIRECT_OBJC_ISA_USAGE = YES_ERROR;
				CLANG_WARN_EMPTY_BODY = YES;
				CLANG_WARN_ENUM_CONVERSION = YES;
				CLANG_WARN_INT_CONVERSION = YES;
				CLANG_WARN_OBJC_ROOT_CLASS = YES_ERROR;
				CLANG_WARN_UNREACHABLE_CODE = YES;
				CLANG_WARN__DUPLICATE_METHOD_MATCH = YES;
				"CODE_SIGN_IDENTITY[sdk=iphoneos*]" = "iPhone Developer";
				COPY_PHASE_STRIP = NO;
				ENABLE_STRICT_OBJC_MSGSEND = YES;
				GCC_C_LANGUAGE_STANDARD = gnu99;
				GCC_DYNAMIC_NO_PIC = NO;
				GCC_OPTIMIZATION_LEVEL = 0;
				GCC_PREPROCESSOR_DEFINITIONS = (
					"DEBUG=1",
					"$(inherited)",
				);
				GCC_SYMBOLS_PRIVATE_EXTERN = NO;
				GCC_WARN_64_TO_32_BIT_CONVERSION = YES;
				GCC_WARN_ABOUT_RETURN_TYPE = YES_ERROR;
				GCC_WARN_UNDECLARED_SELECTOR = YES;
				GCC_WARN_UNINITIALIZED_AUTOS = YES_AGGRESSIVE;
				GCC_WARN_UNUSED_FUNCTION = YES;
				GCC_WARN_UNUSED_VARIABLE = YES;
				IPHONEOS_DEPLOYMENT_TARGET = 8.1;
				MTL_ENABLE_DEBUG_INFO = YES;
				ONLY_ACTIVE_ARCH = YES;
				SDKROOT = iphoneos;
				TARGETED_DEVICE_FAMILY = 2;
			};
			name = Debug;
		};
		D6C26F281A3C7AC0000B94AF /* Release */ = {
			isa = XCBuildConfiguration;
			buildSettings = {
				ALWAYS_SEARCH_USER_PATHS = NO;
				CLANG_CXX_LANGUAGE_STANDARD = "gnu++0x";
				CLANG_CXX_LIBRARY = "libc++";
				CLANG_ENABLE_MODULES = YES;
				CLANG_ENABLE_OBJC_ARC = YES;
				CLANG_WARN_BOOL_CONVERSION = YES;
				CLANG_WARN_CONSTANT_CONVERSION = YES;
				CLANG_WARN_DIRECT_OBJC_ISA_USAGE = YES_ERROR;
				CLANG_WARN_EMPTY_BODY = YES;
				CLANG_WARN_ENUM_CONVERSION = YES;
				CLANG_WARN_INT_CONVERSION = YES;
				CLANG_WARN_OBJC_ROOT_CLASS = YES_ERROR;
				CLANG_WARN_UNREACHABLE_CODE = YES;
				CLANG_WARN__DUPLICATE_METHOD_MATCH = YES;
				"CODE_SIGN_IDENTITY[sdk=iphoneos*]" = "iPhone Developer";
				COPY_PHASE_STRIP = YES;
				ENABLE_NS_ASSERTIONS = NO;
				ENABLE_STRICT_OBJC_MSGSEND = YES;
				GCC_C_LANGUAGE_STANDARD = gnu99;
				GCC_WARN_64_TO_32_BIT_CONVERSION = YES;
				GCC_WARN_ABOUT_RETURN_TYPE = YES_ERROR;
				GCC_WARN_UNDECLARED_SELECTOR = YES;
				GCC_WARN_UNINITIALIZED_AUTOS = YES_AGGRESSIVE;
				GCC_WARN_UNUSED_FUNCTION = YES;
				GCC_WARN_UNUSED_VARIABLE = YES;
				IPHONEOS_DEPLOYMENT_TARGET = 8.1;
				MTL_ENABLE_DEBUG_INFO = NO;
				SDKROOT = iphoneos;
				TARGETED_DEVICE_FAMILY = 2;
				VALIDATE_PRODUCT = YES;
			};
			name = Release;
		};
		D6C26F2A1A3C7AC0000B94AF /* Debug */ = {
			isa = XCBuildConfiguration;
			buildSettings = {
				ASSETCATALOG_COMPILER_APPICON_NAME = AppIcon;
				INFOPLIST_FILE = Vostan_Natoive_iOS/Info.plist;
				LD_RUNPATH_SEARCH_PATHS = "$(inherited) @executable_path/Frameworks";
				PRODUCT_NAME = "$(TARGET_NAME)";
			};
			name = Debug;
		};
		D6C26F2B1A3C7AC0000B94AF /* Release */ = {
			isa = XCBuildConfiguration;
			buildSettings = {
				ASSETCATALOG_COMPILER_APPICON_NAME = AppIcon;
				INFOPLIST_FILE = Vostan_Natoive_iOS/Info.plist;
				LD_RUNPATH_SEARCH_PATHS = "$(inherited) @executable_path/Frameworks";
				PRODUCT_NAME = "$(TARGET_NAME)";
			};
			name = Release;
		};
		D6C26F2D1A3C7AC0000B94AF /* Debug */ = {
			isa = XCBuildConfiguration;
			buildSettings = {
				BUNDLE_LOADER = "$(TEST_HOST)";
				FRAMEWORK_SEARCH_PATHS = (
					"$(SDKROOT)/Developer/Library/Frameworks",
					"$(inherited)",
				);
				GCC_PREPROCESSOR_DEFINITIONS = (
					"DEBUG=1",
					"$(inherited)",
				);
				INFOPLIST_FILE = Vostan_Natoive_iOSTests/Info.plist;
				LD_RUNPATH_SEARCH_PATHS = "$(inherited) @executable_path/Frameworks @loader_path/Frameworks";
				PRODUCT_NAME = "$(TARGET_NAME)";
				TEST_HOST = "$(BUILT_PRODUCTS_DIR)/Vostan_Natoive_iOS.app/Vostan_Natoive_iOS";
			};
			name = Debug;
		};
		D6C26F2E1A3C7AC0000B94AF /* Release */ = {
			isa = XCBuildConfiguration;
			buildSettings = {
				BUNDLE_LOADER = "$(TEST_HOST)";
				FRAMEWORK_SEARCH_PATHS = (
					"$(SDKROOT)/Developer/Library/Frameworks",
					"$(inherited)",
				);
				INFOPLIST_FILE = Vostan_Natoive_iOSTests/Info.plist;
				LD_RUNPATH_SEARCH_PATHS = "$(inherited) @executable_path/Frameworks @loader_path/Frameworks";
				PRODUCT_NAME = "$(TARGET_NAME)";
				TEST_HOST = "$(BUILT_PRODUCTS_DIR)/Vostan_Natoive_iOS.app/Vostan_Natoive_iOS";
			};
			name = Release;
		};
/* End XCBuildConfiguration section */

/* Begin XCConfigurationList section */
		D6C26F011A3C7ABF000B94AF /* Build configuration list for PBXProject "Vostan_Natoive_iOS" */ = {
			isa = XCConfigurationList;
			buildConfigurations = (
				D6C26F271A3C7AC0000B94AF /* Debug */,
				D6C26F281A3C7AC0000B94AF /* Release */,
			);
			defaultConfigurationIsVisible = 0;
			defaultConfigurationName = Release;
		};
		D6C26F291A3C7AC0000B94AF /* Build configuration list for PBXNativeTarget "Vostan_Natoive_iOS" */ = {
			isa = XCConfigurationList;
			buildConfigurations = (
				D6C26F2A1A3C7AC0000B94AF /* Debug */,
				D6C26F2B1A3C7AC0000B94AF /* Release */,
			);
			defaultConfigurationIsVisible = 0;
		};
		D6C26F2C1A3C7AC0000B94AF /* Build configuration list for PBXNativeTarget "Vostan_Natoive_iOSTests" */ = {
			isa = XCConfigurationList;
			buildConfigurations = (
				D6C26F2D1A3C7AC0000B94AF /* Debug */,
				D6C26F2E1A3C7AC0000B94AF /* Release */,
			);
			defaultConfigurationIsVisible = 0;
		};
/* End XCConfigurationList section */
	};
	rootObject = D6C26EFE1A3C7ABF000B94AF /* Project object */;
}
